// !$*UTF8*$!
{
	archiveVersion = 1;
	classes = {
	};
	objectVersion = 50;
	objects = {

/* Begin PBXBuildFile section */
		165535F12147ED9A00D52BC0 /* AppDelegate.swift in Sources */ = {isa = PBXBuildFile; fileRef = 165535F02147ED9A00D52BC0 /* AppDelegate.swift */; };
		165535F32147ED9A00D52BC0 /* ViewController.swift in Sources */ = {isa = PBXBuildFile; fileRef = 165535F22147ED9A00D52BC0 /* ViewController.swift */; };
		165535F62147ED9A00D52BC0 /* Main.storyboard in Resources */ = {isa = PBXBuildFile; fileRef = 165535F42147ED9A00D52BC0 /* Main.storyboard */; };
		165535F92147ED9A00D52BC0 /* Tut_rating.xcdatamodeld in Sources */ = {isa = PBXBuildFile; fileRef = 165535F72147ED9A00D52BC0 /* Tut_rating.xcdatamodeld */; };
		165535FB2147ED9D00D52BC0 /* Assets.xcassets in Resources */ = {isa = PBXBuildFile; fileRef = 165535FA2147ED9D00D52BC0 /* Assets.xcassets */; };
		165535FE2147ED9D00D52BC0 /* LaunchScreen.storyboard in Resources */ = {isa = PBXBuildFile; fileRef = 165535FC2147ED9D00D52BC0 /* LaunchScreen.storyboard */; };
/* End PBXBuildFile section */

/* Begin PBXFileReference section */
		165535ED2147ED9A00D52BC0 /* Tut_rating.app */ = {isa = PBXFileReference; explicitFileType = wrapper.application; includeInIndex = 0; path = Tut_rating.app; sourceTree = BUILT_PRODUCTS_DIR; };
		165535F02147ED9A00D52BC0 /* AppDelegate.swift */ = {isa = PBXFileReference; lastKnownFileType = sourcecode.swift; path = AppDelegate.swift; sourceTree = "<group>"; };
		165535F22147ED9A00D52BC0 /* ViewController.swift */ = {isa = PBXFileReference; lastKnownFileType = sourcecode.swift; path = ViewController.swift; sourceTree = "<group>"; };
		165535F52147ED9A00D52BC0 /* Base */ = {isa = PBXFileReference; lastKnownFileType = file.storyboard; name = Base; path = Base.lproj/Main.storyboard; sourceTree = "<group>"; };
		165535F82147ED9A00D52BC0 /* Tut_rating.xcdatamodel */ = {isa = PBXFileReference; lastKnownFileType = wrapper.xcdatamodel; path = Tut_rating.xcdatamodel; sourceTree = "<group>"; };
		165535FA2147ED9D00D52BC0 /* Assets.xcassets */ = {isa = PBXFileReference; lastKnownFileType = folder.assetcatalog; path = Assets.xcassets; sourceTree = "<group>"; };
		165535FD2147ED9D00D52BC0 /* Base */ = {isa = PBXFileReference; lastKnownFileType = file.storyboard; name = Base; path = Base.lproj/LaunchScreen.storyboard; sourceTree = "<group>"; };
		165535FF2147ED9D00D52BC0 /* Info.plist */ = {isa = PBXFileReference; lastKnownFileType = text.plist.xml; path = Info.plist; sourceTree = "<group>"; };
/* End PBXFileReference section */

/* Begin PBXFrameworksBuildPhase section */
		165535EA2147ED9A00D52BC0 /* Frameworks */ = {
			isa = PBXFrameworksBuildPhase;
			buildActionMask = 2147483647;
			files = (
			);
			runOnlyForDeploymentPostprocessing = 0;
		};
/* End PBXFrameworksBuildPhase section */

/* Begin PBXGroup section */
		165535E42147ED9A00D52BC0 = {
			isa = PBXGroup;
			children = (
				165535EF2147ED9A00D52BC0 /* Tut_rating */,
				165535EE2147ED9A00D52BC0 /* Products */,
			);
			sourceTree = "<group>";
		};
		165535EE2147ED9A00D52BC0 /* Products */ = {
			isa = PBXGroup;
			children = (
				165535ED2147ED9A00D52BC0 /* Tut_rating.app */,
			);
			name = Products;
			sourceTree = "<group>";
		};
		165535EF2147ED9A00D52BC0 /* Tut_rating */ = {
			isa = PBXGroup;
			children = (
				165535F02147ED9A00D52BC0 /* AppDelegate.swift */,
				165535F22147ED9A00D52BC0 /* ViewController.swift */,
				165535F42147ED9A00D52BC0 /* Main.storyboard */,
				165535FA2147ED9D00D52BC0 /* Assets.xcassets */,
				165535FC2147ED9D00D52BC0 /* LaunchScreen.storyboard */,
				165535FF2147ED9D00D52BC0 /* Info.plist */,
				165535F72147ED9A00D52BC0 /* Tut_rating.xcdatamodeld */,
			);
			path = Tut_rating;
			sourceTree = "<group>";
		};
/* End PBXGroup section */

/* Begin PBXNativeTarget section */
		165535EC2147ED9A00D52BC0 /* Tut_rating */ = {
			isa = PBXNativeTarget;
			buildConfigurationList = 165536022147ED9D00D52BC0 /* Build configuration list for PBXNativeTarget "Tut_rating" */;
			buildPhases = (
				165535E92147ED9A00D52BC0 /* Sources */,
				165535EA2147ED9A00D52BC0 /* Frameworks */,
				165535EB2147ED9A00D52BC0 /* Resources */,
			);
			buildRules = (
			);
			dependencies = (
			);
			name = Tut_rating;
			productName = Tut_rating;
			productReference = 165535ED2147ED9A00D52BC0 /* Tut_rating.app */;
			productType = "com.apple.product-type.application";
		};
/* End PBXNativeTarget section */

/* Begin PBXProject section */
		165535E52147ED9A00D52BC0 /* Project object */ = {
			isa = PBXProject;
			attributes = {
				LastSwiftUpdateCheck = 0940;
				LastUpgradeCheck = 0940;
				ORGANIZATIONNAME = "Eray Alparslan";
				TargetAttributes = {
					165535EC2147ED9A00D52BC0 = {
						CreatedOnToolsVersion = 9.4.1;
					};
				};
			};
			buildConfigurationList = 165535E82147ED9A00D52BC0 /* Build configuration list for PBXProject "Tut_rating" */;
			compatibilityVersion = "Xcode 9.3";
			developmentRegion = en;
			hasScannedForEncodings = 0;
			knownRegions = (
				en,
				Base,
			);
			mainGroup = 165535E42147ED9A00D52BC0;
			productRefGroup = 165535EE2147ED9A00D52BC0 /* Products */;
			projectDirPath = "";
			projectRoot = "";
			targets = (
				165535EC2147ED9A00D52BC0 /* Tut_rating */,
			);
		};
/* End PBXProject section */

/* Begin PBXResourcesBuildPhase section */
		165535EB2147ED9A00D52BC0 /* Resources */ = {
			isa = PBXResourcesBuildPhase;
			buildActionMask = 2147483647;
			files = (
				165535FE2147ED9D00D52BC0 /* LaunchScreen.storyboard in Resources */,
				165535FB2147ED9D00D52BC0 /* Assets.xcassets in Resources */,
				165535F62147ED9A00D52BC0 /* Main.storyboard in Resources */,
			);
			runOnlyForDeploymentPostprocessing = 0;
		};
/* End PBXResourcesBuildPhase section */

/* Begin PBXSourcesBuildPhase section */
		165535E92147ED9A00D52BC0 /* Sources */ = {
			isa = PBXSourcesBuildPhase;
			buildActionMask = 2147483647;
			files = (
				165535F32147ED9A00D52BC0 /* ViewController.swift in Sources */,
				165535F92147ED9A00D52BC0 /* Tut_rating.xcdatamodeld in Sources */,
				165535F12147ED9A00D52BC0 /* AppDelegate.swift in Sources */,
			);
			runOnlyForDeploymentPostprocessing = 0;
		};
/* End PBXSourcesBuildPhase section */

/* Begin PBXVariantGroup section */
		165535F42147ED9A00D52BC0 /* Main.storyboard */ = {
			isa = PBXVariantGroup;
			children = (
				165535F52147ED9A00D52BC0 /* Base */,
			);
			name = Main.storyboard;
			sourceTree = "<group>";
		};
		165535FC2147ED9D00D52BC0 /* LaunchScreen.storyboard */ = {
			isa = PBXVariantGroup;
			children = (
				165535FD2147ED9D00D52BC0 /* Base */,
			);
			name = LaunchScreen.storyboard;
			sourceTree = "<group>";
		};
/* End PBXVariantGroup section */

/* Begin XCBuildConfiguration section */
		165536002147ED9D00D52BC0 /* Debug */ = {
			isa = XCBuildConfiguration;
			buildSettings = {
				ALWAYS_SEARCH_USER_PATHS = NO;
				CLANG_ANALYZER_NONNULL = YES;
				CLANG_ANALYZER_NUMBER_OBJECT_CONVERSION = YES_AGGRESSIVE;
				CLANG_CXX_LANGUAGE_STANDARD = "gnu++14";
				CLANG_CXX_LIBRARY = "libc++";
				CLANG_ENABLE_MODULES = YES;
				CLANG_ENABLE_OBJC_ARC = YES;
				CLANG_ENABLE_OBJC_WEAK = YES;
				CLANG_WARN_BLOCK_CAPTURE_AUTORELEASING = YES;
				CLANG_WARN_BOOL_CONVERSION = YES;
				CLANG_WARN_COMMA = YES;
				CLANG_WARN_CONSTANT_CONVERSION = YES;
				CLANG_WARN_DEPRECATED_OBJC_IMPLEMENTATIONS = YES;
				CLANG_WARN_DIRECT_OBJC_ISA_USAGE = YES_ERROR;
				CLANG_WARN_DOCUMENTATION_COMMENTS = YES;
				CLANG_WARN_EMPTY_BODY = YES;
				CLANG_WARN_ENUM_CONVERSION = YES;
				CLANG_WARN_INFINITE_RECURSION = YES;
				CLANG_WARN_INT_CONVERSION = YES;
				CLANG_WARN_NON_LITERAL_NULL_CONVERSION = YES;
				CLANG_WARN_OBJC_IMPLICIT_RETAIN_SELF = YES;
				CLANG_WARN_OBJC_LITERAL_CONVERSION = YES;
				CLANG_WARN_OBJC_ROOT_CLASS = YES_ERROR;
				CLANG_WARN_RANGE_LOOP_ANALYSIS = YES;
				CLANG_WARN_STRICT_PROTOTYPES = YES;
				CLANG_WARN_SUSPICIOUS_MOVE = YES;
				CLANG_WARN_UNGUARDED_AVAILABILITY = YES_AGGRESSIVE;
				CLANG_WARN_UNREACHABLE_CODE = YES;
				CLANG_WARN__DUPLICATE_METHOD_MATCH = YES;
				CODE_SIGN_IDENTITY = "iPhone Developer";
				COPY_PHASE_STRIP = NO;
				DEBUG_INFORMATION_FORMAT = dwarf;
				ENABLE_STRICT_OBJC_MSGSEND = YES;
				ENABLE_TESTABILITY = YES;
				GCC_C_LANGUAGE_STANDARD = gnu11;
				GCC_DYNAMIC_NO_PIC = NO;
				GCC_NO_COMMON_BLOCKS = YES;
				GCC_OPTIMIZATION_LEVEL = 0;
				GCC_PREPROCESSOR_DEFINITIONS = (
					"DEBUG=1",
					"$(inherited)",
				);
				GCC_WARN_64_TO_32_BIT_CONVERSION = YES;
				GCC_WARN_ABOUT_RETURN_TYPE = YES_ERROR;
				GCC_WARN_UNDECLARED_SELECTOR = YES;
				GCC_WARN_UNINITIALIZED_AUTOS = YES_AGGRESSIVE;
				GCC_WARN_UNUSED_FUNCTION = YES;
				GCC_WARN_UNUSED_VARIABLE = YES;
				IPHONEOS_DEPLOYMENT_TARGET = 11.4;
				MTL_ENABLE_DEBUG_INFO = YES;
				ONLY_ACTIVE_ARCH = YES;
				SDKROOT = iphoneos;
				SWIFT_ACTIVE_COMPILATION_CONDITIONS = DEBUG;
				SWIFT_OPTIMIZATION_LEVEL = "-Onone";
			};
			name = Debug;
		};
		165536012147ED9D00D52BC0 /* Release */ = {
			isa = XCBuildConfiguration;
			buildSettings = {
				ALWAYS_SEARCH_USER_PATHS = NO;
				CLANG_ANALYZER_NONNULL = YES;
				CLANG_ANALYZER_NUMBER_OBJECT_CONVERSION = YES_AGGRESSIVE;
				CLANG_CXX_LANGUAGE_STANDARD = "gnu++14";
				CLANG_CXX_LIBRARY = "libc++";
				CLANG_ENABLE_MODULES = YES;
				CLANG_ENABLE_OBJC_ARC = YES;
				CLANG_ENABLE_OBJC_WEAK = YES;
				CLANG_WARN_BLOCK_CAPTURE_AUTORELEASING = YES;
				CLANG_WARN_BOOL_CONVERSION = YES;
				CLANG_WARN_COMMA = YES;
				CLANG_WARN_CONSTANT_CONVERSION = YES;
				CLANG_WARN_DEPRECATED_OBJC_IMPLEMENTATIONS = YES;
				CLANG_WARN_DIRECT_OBJC_ISA_USAGE = YES_ERROR;
				CLANG_WARN_DOCUMENTATION_COMMENTS = YES;
				CLANG_WARN_EMPTY_BODY = YES;
				CLANG_WARN_ENUM_CONVERSION = YES;
				CLANG_WARN_INFINITE_RECURSION = YES;
				CLANG_WARN_INT_CONVERSION = YES;
				CLANG_WARN_NON_LITERAL_NULL_CONVERSION = YES;
				CLANG_WARN_OBJC_IMPLICIT_RETAIN_SELF = YES;
				CLANG_WARN_OBJC_LITERAL_CONVERSION = YES;
				CLANG_WARN_OBJC_ROOT_CLASS = YES_ERROR;
				CLANG_WARN_RANGE_LOOP_ANALYSIS = YES;
				CLANG_WARN_STRICT_PROTOTYPES = YES;
				CLANG_WARN_SUSPICIOUS_MOVE = YES;
				CLANG_WARN_UNGUARDED_AVAILABILITY = YES_AGGRESSIVE;
				CLANG_WARN_UNREACHABLE_CODE = YES;
				CLANG_WARN__DUPLICATE_METHOD_MATCH = YES;
				CODE_SIGN_IDENTITY = "iPhone Developer";
				COPY_PHASE_STRIP = NO;
				DEBUG_INFORMATION_FORMAT = "dwarf-with-dsym";
				ENABLE_NS_ASSERTIONS = NO;
				ENABLE_STRICT_OBJC_MSGSEND = YES;
				GCC_C_LANGUAGE_STANDARD = gnu11;
				GCC_NO_COMMON_BLOCKS = YES;
				GCC_WARN_64_TO_32_BIT_CONVERSION = YES;
				GCC_WARN_ABOUT_RETURN_TYPE = YES_ERROR;
				GCC_WARN_UNDECLARED_SELECTOR = YES;
				GCC_WARN_UNINITIALIZED_AUTOS = YES_AGGRESSIVE;
				GCC_WARN_UNUSED_FUNCTION = YES;
				GCC_WARN_UNUSED_VARIABLE = YES;
				IPHONEOS_DEPLOYMENT_TARGET = 11.4;
				MTL_ENABLE_DEBUG_INFO = NO;
				SDKROOT = iphoneos;
				SWIFT_COMPILATION_MODE = wholemodule;
				SWIFT_OPTIMIZATION_LEVEL = "-O";
				VALIDATE_PRODUCT = YES;
			};
			name = Release;
		};
		165536032147ED9D00D52BC0 /* Debug */ = {
			isa = XCBuildConfiguration;
			buildSettings = {
				ASSETCATALOG_COMPILER_APPICON_NAME = AppIcon;
				CODE_SIGN_STYLE = Automatic;
				DEVELOPMENT_TEAM = XN294VVZ35;
				INFOPLIST_FILE = Tut_rating/Info.plist;
				LD_RUNPATH_SEARCH_PATHS = (
					"$(inherited)",
					"@executable_path/Frameworks",
				);
				PRODUCT_BUNDLE_IDENTIFIER = "com.erayalparslan.Tut-rating";
				PRODUCT_NAME = "$(TARGET_NAME)";
				SWIFT_VERSION = 4.0;
				TARGETED_DEVICE_FAMILY = "1,2";
			};
			name = Debug;
		};
		165536042147ED9D00D52BC0 /* Release */ = {
			isa = XCBuildConfiguration;
			buildSettings = {
				ASSETCATALOG_COMPILER_APPICON_NAME = AppIcon;
				CODE_SIGN_STYLE = Automatic;
				DEVELOPMENT_TEAM = XN294VVZ35;
				INFOPLIST_FILE = Tut_rating/Info.plist;
				LD_RUNPATH_SEARCH_PATHS = (
					"$(inherited)",
					"@executable_path/Frameworks",
				);
				PRODUCT_BUNDLE_IDENTIFIER = "com.erayalparslan.Tut-rating";
				PRODUCT_NAME = "$(TARGET_NAME)";
				SWIFT_VERSION = 4.0;
				TARGETED_DEVICE_FAMILY = "1,2";
			};
			name = Release;
		};
/* End XCBuildConfiguration section */

/* Begin XCConfigurationList section */
		165535E82147ED9A00D52BC0 /* Build configuration list for PBXProject "Tut_rating" */ = {
			isa = XCConfigurationList;
			buildConfigurations = (
				165536002147ED9D00D52BC0 /* Debug */,
				165536012147ED9D00D52BC0 /* Release */,
			);
			defaultConfigurationIsVisible = 0;
			defaultConfigurationName = Release;
		};
		165536022147ED9D00D52BC0 /* Build configuration list for PBXNativeTarget "Tut_rating" */ = {
			isa = XCConfigurationList;
			buildConfigurations = (
				165536032147ED9D00D52BC0 /* Debug */,
				165536042147ED9D00D52BC0 /* Release */,
			);
			defaultConfigurationIsVisible = 0;
			defaultConfigurationName = Release;
		};
/* End XCConfigurationList section */

/* Begin XCVersionGroup section */
		165535F72147ED9A00D52BC0 /* Tut_rating.xcdatamodeld */ = {
			isa = XCVersionGroup;
			children = (
				165535F82147ED9A00D52BC0 /* Tut_rating.xcdatamodel */,
			);
			currentVersion = 165535F82147ED9A00D52BC0 /* Tut_rating.xcdatamodel */;
			path = Tut_rating.xcdatamodeld;
			sourceTree = "<group>";
			versionGroupType = wrapper.xcdatamodel;
		};
/* End XCVersionGroup section */
	};
	rootObject = 165535E52147ED9A00D52BC0 /* Project object */;
}
